
Microsoft Visual Studio Solution File, Format Version 12.00
# Visual Studio Version 17
VisualStudioVersion = 17.7.34009.444
MinimumVisualStudioVersion = 10.0.40219.1
<<<<<<< HEAD
Project("{9A19103F-16F7-4668-BE54-9A1E7A4F7556}") = "TarefaTres", "src\TarefaTres.csproj", "{DEC0E4A5-BB06-4945-9F7F-966D66A2CF51}"
=======
Project("{FAE04EC0-301F-11D3-BF4B-00C04F79EFBC}") = "TarefaTres", "TarefaTres\TarefaTres.csproj", "{CCA3B31C-0561-4AAC-8A9D-4BD3E33978B8}"
>>>>>>> 5a98fcd83dc9448b784dae0006a5fe61fae88b13
EndProject
Global
	GlobalSection(SolutionConfigurationPlatforms) = preSolution
		Debug|Any CPU = Debug|Any CPU
		Release|Any CPU = Release|Any CPU
	EndGlobalSection
	GlobalSection(ProjectConfigurationPlatforms) = postSolution
<<<<<<< HEAD
		{DEC0E4A5-BB06-4945-9F7F-966D66A2CF51}.Debug|Any CPU.ActiveCfg = Debug|Any CPU
		{DEC0E4A5-BB06-4945-9F7F-966D66A2CF51}.Debug|Any CPU.Build.0 = Debug|Any CPU
		{DEC0E4A5-BB06-4945-9F7F-966D66A2CF51}.Release|Any CPU.ActiveCfg = Release|Any CPU
		{DEC0E4A5-BB06-4945-9F7F-966D66A2CF51}.Release|Any CPU.Build.0 = Release|Any CPU
=======
		{CCA3B31C-0561-4AAC-8A9D-4BD3E33978B8}.Debug|Any CPU.ActiveCfg = Debug|Any CPU
		{CCA3B31C-0561-4AAC-8A9D-4BD3E33978B8}.Debug|Any CPU.Build.0 = Debug|Any CPU
		{CCA3B31C-0561-4AAC-8A9D-4BD3E33978B8}.Release|Any CPU.ActiveCfg = Release|Any CPU
		{CCA3B31C-0561-4AAC-8A9D-4BD3E33978B8}.Release|Any CPU.Build.0 = Release|Any CPU
>>>>>>> 5a98fcd83dc9448b784dae0006a5fe61fae88b13
	EndGlobalSection
	GlobalSection(SolutionProperties) = preSolution
		HideSolutionNode = FALSE
	EndGlobalSection
	GlobalSection(ExtensibilityGlobals) = postSolution
		SolutionGuid = {BA41A7DC-D4BD-49BD-8D72-0F7AE570B940}
	EndGlobalSection
EndGlobal
