
Microsoft Visual Studio Solution File, Format Version 12.00
# Visual Studio Version 17
VisualStudioVersion = 17.7.34024.191
MinimumVisualStudioVersion = 10.0.40219.1
Project("{FAE04EC0-301F-11D3-BF4B-00C04F79EFBC}") = "TarefaQuatro", "TarefaQuatro\TarefaQuatro.csproj", "{1DB128CF-0A2E-4624-AEA6-8BB198C84272}"
EndProject
Global
	GlobalSection(SolutionConfigurationPlatforms) = preSolution
		Debug|Any CPU = Debug|Any CPU
		Release|Any CPU = Release|Any CPU
	EndGlobalSection
	GlobalSection(ProjectConfigurationPlatforms) = postSolution
		{1DB128CF-0A2E-4624-AEA6-8BB198C84272}.Debug|Any CPU.ActiveCfg = Debug|Any CPU
		{1DB128CF-0A2E-4624-AEA6-8BB198C84272}.Debug|Any CPU.Build.0 = Debug|Any CPU
		{1DB128CF-0A2E-4624-AEA6-8BB198C84272}.Release|Any CPU.ActiveCfg = Release|Any CPU
		{1DB128CF-0A2E-4624-AEA6-8BB198C84272}.Release|Any CPU.Build.0 = Release|Any CPU
	EndGlobalSection
	GlobalSection(SolutionProperties) = preSolution
		HideSolutionNode = FALSE
	EndGlobalSection
	GlobalSection(ExtensibilityGlobals) = postSolution
		SolutionGuid = {883F8DBD-4E60-4E89-B19D-268E985CE447}
	EndGlobalSection
EndGlobal
